// !$*UTF8*$!
{
	archiveVersion = 1;
	classes = {
	};
	objectVersion = 46;
	objects = {

/* Begin PBXBuildFile section */
		54B964C21F385A1800825431 /* main.m in Sources */ = {isa = PBXBuildFile; fileRef = 54B964C11F385A1800825431 /* main.m */; };
		54B964C51F385A1800825431 /* AppDelegate.m in Sources */ = {isa = PBXBuildFile; fileRef = 54B964C41F385A1800825431 /* AppDelegate.m */; };
		54B964C81F385A1800825431 /* ViewController.m in Sources */ = {isa = PBXBuildFile; fileRef = 54B964C71F385A1800825431 /* ViewController.m */; };
		54B964CB1F385A1800825431 /* Main.storyboard in Resources */ = {isa = PBXBuildFile; fileRef = 54B964C91F385A1800825431 /* Main.storyboard */; };
		54B964CD1F385A1800825431 /* Assets.xcassets in Resources */ = {isa = PBXBuildFile; fileRef = 54B964CC1F385A1800825431 /* Assets.xcassets */; };
		54B964D01F385A1800825431 /* LaunchScreen.storyboard in Resources */ = {isa = PBXBuildFile; fileRef = 54B964CE1F385A1800825431 /* LaunchScreen.storyboard */; };
		54B964D91F386AC900825431 /* Student.m in Sources */ = {isa = PBXBuildFile; fileRef = 54B964D81F386AC900825431 /* Student.m */; };
/* End PBXBuildFile section */

/* Begin PBXFileReference section */
		54B964BD1F385A1800825431 /* KVC_KVO.app */ = {isa = PBXFileReference; explicitFileType = wrapper.application; includeInIndex = 0; path = KVC_KVO.app; sourceTree = BUILT_PRODUCTS_DIR; };
		54B964C11F385A1800825431 /* main.m */ = {isa = PBXFileReference; lastKnownFileType = sourcecode.c.objc; path = main.m; sourceTree = "<group>"; };
		54B964C31F385A1800825431 /* AppDelegate.h */ = {isa = PBXFileReference; lastKnownFileType = sourcecode.c.h; path = AppDelegate.h; sourceTree = "<group>"; };
		54B964C41F385A1800825431 /* AppDelegate.m */ = {isa = PBXFileReference; lastKnownFileType = sourcecode.c.objc; path = AppDelegate.m; sourceTree = "<group>"; };
		54B964C61F385A1800825431 /* ViewController.h */ = {isa = PBXFileReference; lastKnownFileType = sourcecode.c.h; path = ViewController.h; sourceTree = "<group>"; };
		54B964C71F385A1800825431 /* ViewController.m */ = {isa = PBXFileReference; lastKnownFileType = sourcecode.c.objc; path = ViewController.m; sourceTree = "<group>"; };
		54B964CA1F385A1800825431 /* Base */ = {isa = PBXFileReference; lastKnownFileType = file.storyboard; name = Base; path = Base.lproj/Main.storyboard; sourceTree = "<group>"; };
		54B964CC1F385A1800825431 /* Assets.xcassets */ = {isa = PBXFileReference; lastKnownFileType = folder.assetcatalog; path = Assets.xcassets; sourceTree = "<group>"; };
		54B964CF1F385A1800825431 /* Base */ = {isa = PBXFileReference; lastKnownFileType = file.storyboard; name = Base; path = Base.lproj/LaunchScreen.storyboard; sourceTree = "<group>"; };
		54B964D11F385A1800825431 /* Info.plist */ = {isa = PBXFileReference; lastKnownFileType = text.plist.xml; path = Info.plist; sourceTree = "<group>"; };
		54B964D71F386AC900825431 /* Student.h */ = {isa = PBXFileReference; fileEncoding = 4; lastKnownFileType = sourcecode.c.h; name = Student.h; path = ../Student.h; sourceTree = "<group>"; };
		54B964D81F386AC900825431 /* Student.m */ = {isa = PBXFileReference; fileEncoding = 4; lastKnownFileType = sourcecode.c.objc; name = Student.m; path = ../Student.m; sourceTree = "<group>"; };
/* End PBXFileReference section */

/* Begin PBXFrameworksBuildPhase section */
		54B964BA1F385A1800825431 /* Frameworks */ = {
			isa = PBXFrameworksBuildPhase;
			buildActionMask = 2147483647;
			files = (
			);
			runOnlyForDeploymentPostprocessing = 0;
		};
/* End PBXFrameworksBuildPhase section */

/* Begin PBXGroup section */
		54B964B41F385A1800825431 = {
			isa = PBXGroup;
			children = (
				54B964BF1F385A1800825431 /* KVC_KVO */,
				54B964BE1F385A1800825431 /* Products */,
			);
			sourceTree = "<group>";
		};
		54B964BE1F385A1800825431 /* Products */ = {
			isa = PBXGroup;
			children = (
				54B964BD1F385A1800825431 /* KVC_KVO.app */,
			);
			name = Products;
			sourceTree = "<group>";
		};
		54B964BF1F385A1800825431 /* KVC_KVO */ = {
			isa = PBXGroup;
			children = (
				54B964C31F385A1800825431 /* AppDelegate.h */,
				54B964C41F385A1800825431 /* AppDelegate.m */,
				54B964C61F385A1800825431 /* ViewController.h */,
				54B964C71F385A1800825431 /* ViewController.m */,
				54B964D71F386AC900825431 /* Student.h */,
				54B964D81F386AC900825431 /* Student.m */,
				54B964C91F385A1800825431 /* Main.storyboard */,
				54B964CC1F385A1800825431 /* Assets.xcassets */,
				54B964CE1F385A1800825431 /* LaunchScreen.storyboard */,
				54B964D11F385A1800825431 /* Info.plist */,
				54B964C01F385A1800825431 /* Supporting Files */,
			);
			path = KVC_KVO;
			sourceTree = "<group>";
		};
		54B964C01F385A1800825431 /* Supporting Files */ = {
			isa = PBXGroup;
			children = (
				54B964C11F385A1800825431 /* main.m */,
			);
			name = "Supporting Files";
			sourceTree = "<group>";
		};
/* End PBXGroup section */

/* Begin PBXNativeTarget section */
		54B964BC1F385A1800825431 /* KVC_KVO */ = {
			isa = PBXNativeTarget;
			buildConfigurationList = 54B964D41F385A1800825431 /* Build configuration list for PBXNativeTarget "KVC_KVO" */;
			buildPhases = (
				54B964B91F385A1800825431 /* Sources */,
				54B964BA1F385A1800825431 /* Frameworks */,
				54B964BB1F385A1800825431 /* Resources */,
			);
			buildRules = (
			);
			dependencies = (
			);
			name = KVC_KVO;
			productName = KVC_KVO;
			productReference = 54B964BD1F385A1800825431 /* KVC_KVO.app */;
			productType = "com.apple.product-type.application";
		};
/* End PBXNativeTarget section */

/* Begin PBXProject section */
		54B964B51F385A1800825431 /* Project object */ = {
			isa = PBXProject;
			attributes = {
				LastUpgradeCheck = 0830;
				ORGANIZATIONNAME = Stefanov;
				TargetAttributes = {
					54B964BC1F385A1800825431 = {
						CreatedOnToolsVersion = 8.1;
						DevelopmentTeam = XU3BW4EJ52;
						ProvisioningStyle = Automatic;
					};
				};
			};
			buildConfigurationList = 54B964B81F385A1800825431 /* Build configuration list for PBXProject "KVC_KVO" */;
			compatibilityVersion = "Xcode 3.2";
			developmentRegion = English;
			hasScannedForEncodings = 0;
			knownRegions = (
				en,
				Base,
			);
			mainGroup = 54B964B41F385A1800825431;
			productRefGroup = 54B964BE1F385A1800825431 /* Products */;
			projectDirPath = "";
			projectRoot = "";
			targets = (
				54B964BC1F385A1800825431 /* KVC_KVO */,
			);
		};
/* End PBXProject section */

/* Begin PBXResourcesBuildPhase section */
		54B964BB1F385A1800825431 /* Resources */ = {
			isa = PBXResourcesBuildPhase;
			buildActionMask = 2147483647;
			files = (
				54B964D01F385A1800825431 /* LaunchScreen.storyboard in Resources */,
				54B964CD1F385A1800825431 /* Assets.xcassets in Resources */,
				54B964CB1F385A1800825431 /* Main.storyboard in Resources */,
			);
			runOnlyForDeploymentPostprocessing = 0;
		};
/* End PBXResourcesBuildPhase section */

/* Begin PBXSourcesBuildPhase section */
		54B964B91F385A1800825431 /* Sources */ = {
			isa = PBXSourcesBuildPhase;
			buildActionMask = 2147483647;
			files = (
				54B964C81F385A1800825431 /* ViewController.m in Sources */,
				54B964C51F385A1800825431 /* AppDelegate.m in Sources */,
				54B964C21F385A1800825431 /* main.m in Sources */,
				54B964D91F386AC900825431 /* Student.m in Sources */,
			);
			runOnlyForDeploymentPostprocessing = 0;
		};
/* End PBXSourcesBuildPhase section */

/* Begin PBXVariantGroup section */
		54B964C91F385A1800825431 /* Main.storyboard */ = {
			isa = PBXVariantGroup;
			children = (
				54B964CA1F385A1800825431 /* Base */,
			);
			name = Main.storyboard;
			sourceTree = "<group>";
		};
		54B964CE1F385A1800825431 /* LaunchScreen.storyboard */ = {
			isa = PBXVariantGroup;
			children = (
				54B964CF1F385A1800825431 /* Base */,
			);
			name = LaunchScreen.storyboard;
			sourceTree = "<group>";
		};
/* End PBXVariantGroup section */

/* Begin XCBuildConfiguration section */
		54B964D21F385A1800825431 /* Debug */ = {
			isa = XCBuildConfiguration;
			buildSettings = {
				ALWAYS_SEARCH_USER_PATHS = NO;
				CLANG_ANALYZER_NONNULL = YES;
				CLANG_CXX_LANGUAGE_STANDARD = "gnu++0x";
				CLANG_CXX_LIBRARY = "libc++";
				CLANG_ENABLE_MODULES = YES;
				CLANG_ENABLE_OBJC_ARC = YES;
				CLANG_WARN_BOOL_CONVERSION = YES;
				CLANG_WARN_CONSTANT_CONVERSION = YES;
				CLANG_WARN_DIRECT_OBJC_ISA_USAGE = YES_ERROR;
				CLANG_WARN_DOCUMENTATION_COMMENTS = YES;
				CLANG_WARN_EMPTY_BODY = YES;
				CLANG_WARN_ENUM_CONVERSION = YES;
				CLANG_WARN_INFINITE_RECURSION = YES;
				CLANG_WARN_INT_CONVERSION = YES;
				CLANG_WARN_OBJC_ROOT_CLASS = YES_ERROR;
				CLANG_WARN_SUSPICIOUS_MOVE = YES;
				CLANG_WARN_SUSPICIOUS_MOVES = YES;
				CLANG_WARN_UNREACHABLE_CODE = YES;
				CLANG_WARN__DUPLICATE_METHOD_MATCH = YES;
				"CODE_SIGN_IDENTITY[sdk=iphoneos*]" = "iPhone Developer";
				COPY_PHASE_STRIP = NO;
				DEBUG_INFORMATION_FORMAT = dwarf;
				ENABLE_STRICT_OBJC_MSGSEND = YES;
				ENABLE_TESTABILITY = YES;
				GCC_C_LANGUAGE_STANDARD = gnu99;
				GCC_DYNAMIC_NO_PIC = NO;
				GCC_NO_COMMON_BLOCKS = YES;
				GCC_OPTIMIZATION_LEVEL = 0;
				GCC_PREPROCESSOR_DEFINITIONS = (
					"DEBUG=1",
					"$(inherited)",
				);
				GCC_WARN_64_TO_32_BIT_CONVERSION = YES;
				GCC_WARN_ABOUT_RETURN_TYPE = YES_ERROR;
				GCC_WARN_UNDECLARED_SELECTOR = YES;
				GCC_WARN_UNINITIALIZED_AUTOS = YES_AGGRESSIVE;
				GCC_WARN_UNUSED_FUNCTION = YES;
				GCC_WARN_UNUSED_VARIABLE = YES;
				IPHONEOS_DEPLOYMENT_TARGET = 10.1;
				MTL_ENABLE_DEBUG_INFO = YES;
				ONLY_ACTIVE_ARCH = YES;
				SDKROOT = iphoneos;
			};
			name = Debug;
		};
		54B964D31F385A1800825431 /* Release */ = {
			isa = XCBuildConfiguration;
			buildSettings = {
				ALWAYS_SEARCH_USER_PATHS = NO;
				CLANG_ANALYZER_NONNULL = YES;
				CLANG_CXX_LANGUAGE_STANDARD = "gnu++0x";
				CLANG_CXX_LIBRARY = "libc++";
				CLANG_ENABLE_MODULES = YES;
				CLANG_ENABLE_OBJC_ARC = YES;
				CLANG_WARN_BOOL_CONVERSION = YES;
				CLANG_WARN_CONSTANT_CONVERSION = YES;
				CLANG_WARN_DIRECT_OBJC_ISA_USAGE = YES_ERROR;
				CLANG_WARN_DOCUMENTATION_COMMENTS = YES;
				CLANG_WARN_EMPTY_BODY = YES;
				CLANG_WARN_ENUM_CONVERSION = YES;
				CLANG_WARN_INFINITE_RECURSION = YES;
				CLANG_WARN_INT_CONVERSION = YES;
				CLANG_WARN_OBJC_ROOT_CLASS = YES_ERROR;
				CLANG_WARN_SUSPICIOUS_MOVE = YES;
				CLANG_WARN_SUSPICIOUS_MOVES = YES;
				CLANG_WARN_UNREACHABLE_CODE = YES;
				CLANG_WARN__DUPLICATE_METHOD_MATCH = YES;
				"CODE_SIGN_IDENTITY[sdk=iphoneos*]" = "iPhone Developer";
				COPY_PHASE_STRIP = NO;
				DEBUG_INFORMATION_FORMAT = "dwarf-with-dsym";
				ENABLE_NS_ASSERTIONS = NO;
				ENABLE_STRICT_OBJC_MSGSEND = YES;
				GCC_C_LANGUAGE_STANDARD = gnu99;
				GCC_NO_COMMON_BLOCKS = YES;
				GCC_WARN_64_TO_32_BIT_CONVERSION = YES;
				GCC_WARN_ABOUT_RETURN_TYPE = YES_ERROR;
				GCC_WARN_UNDECLARED_SELECTOR = YES;
				GCC_WARN_UNINITIALIZED_AUTOS = YES_AGGRESSIVE;
				GCC_WARN_UNUSED_FUNCTION = YES;
				GCC_WARN_UNUSED_VARIABLE = YES;
				IPHONEOS_DEPLOYMENT_TARGET = 10.1;
				MTL_ENABLE_DEBUG_INFO = NO;
				SDKROOT = iphoneos;
				VALIDATE_PRODUCT = YES;
			};
			name = Release;
		};
		54B964D51F385A1800825431 /* Debug */ = {
			isa = XCBuildConfiguration;
			buildSettings = {
				ASSETCATALOG_COMPILER_APPICON_NAME = AppIcon;
				DEVELOPMENT_TEAM = XU3BW4EJ52;
				INFOPLIST_FILE = KVC_KVO/Info.plist;
				LD_RUNPATH_SEARCH_PATHS = "$(inherited) @executable_path/Frameworks";
				PRODUCT_BUNDLE_IDENTIFIER = "com.stefanov.KVC-KVO";
				PRODUCT_NAME = "$(TARGET_NAME)";
			};
			name = Debug;
		};
		54B964D61F385A1800825431 /* Release */ = {
			isa = XCBuildConfiguration;
			buildSettings = {
				ASSETCATALOG_COMPILER_APPICON_NAME = AppIcon;
				DEVELOPMENT_TEAM = XU3BW4EJ52;
				INFOPLIST_FILE = KVC_KVO/Info.plist;
				LD_RUNPATH_SEARCH_PATHS = "$(inherited) @executable_path/Frameworks";
				PRODUCT_BUNDLE_IDENTIFIER = "com.stefanov.KVC-KVO";
				PRODUCT_NAME = "$(TARGET_NAME)";
			};
			name = Release;
		};
/* End XCBuildConfiguration section */

/* Begin XCConfigurationList section */
		54B964B81F385A1800825431 /* Build configuration list for PBXProject "KVC_KVO" */ = {
			isa = XCConfigurationList;
			buildConfigurations = (
				54B964D21F385A1800825431 /* Debug */,
				54B964D31F385A1800825431 /* Release */,
			);
			defaultConfigurationIsVisible = 0;
			defaultConfigurationName = Release;
		};
		54B964D41F385A1800825431 /* Build configuration list for PBXNativeTarget "KVC_KVO" */ = {
			isa = XCConfigurationList;
			buildConfigurations = (
				54B964D51F385A1800825431 /* Debug */,
				54B964D61F385A1800825431 /* Release */,
			);
			defaultConfigurationIsVisible = 0;
			defaultConfigurationName = Release;
		};
/* End XCConfigurationList section */
	};
	rootObject = 54B964B51F385A1800825431 /* Project object */;
}
